
Microsoft Visual Studio Solution File, Format Version 12.00
# Visual Studio 15
Project("{FAE04EC0-301F-11D3-BF4B-00C04F79EFBC}") = "Assembly-CSharp-Editor", "Assembly-CSharp-Editor.csproj", "{87BB597D-E375-F56F-5E8D-A2C86E5E0D64}"
EndProject
Project("{FAE04EC0-301F-11D3-BF4B-00C04F79EFBC}") = "Assembly-CSharp", "Assembly-CSharp.csproj", "{5E2159D6-F2FF-656F-4C97-22A8A731C85D}"
EndProject
Global
	GlobalSection(SolutionConfigurationPlatforms) = preSolution
		Debug|Any CPU = Debug|Any CPU
		Release|Any CPU = Release|Any CPU
	EndGlobalSection
	GlobalSection(ProjectConfigurationPlatforms) = postSolution
		{87BB597D-E375-F56F-5E8D-A2C86E5E0D64}.Debug|Any CPU.ActiveCfg = Debug|Any CPU
		{87BB597D-E375-F56F-5E8D-A2C86E5E0D64}.Debug|Any CPU.Build.0 = Debug|Any CPU
		{87BB597D-E375-F56F-5E8D-A2C86E5E0D64}.Release|Any CPU.ActiveCfg = Release|Any CPU
		{87BB597D-E375-F56F-5E8D-A2C86E5E0D64}.Release|Any CPU.Build.0 = Release|Any CPU
		{5E2159D6-F2FF-656F-4C97-22A8A731C85D}.Debug|Any CPU.ActiveCfg = Debug|Any CPU
		{5E2159D6-F2FF-656F-4C97-22A8A731C85D}.Debug|Any CPU.Build.0 = Debug|Any CPU
		{5E2159D6-F2FF-656F-4C97-22A8A731C85D}.Release|Any CPU.ActiveCfg = Release|Any CPU
		{5E2159D6-F2FF-656F-4C97-22A8A731C85D}.Release|Any CPU.Build.0 = Release|Any CPU
	EndGlobalSection
	GlobalSection(SolutionProperties) = preSolution
		HideSolutionNode = FALSE
	EndGlobalSection
EndGlobal
